# This file was autogenerated by uv via the following command:
#    uv pip compile requirements.txt --universal --python-version 3.11 -o requirements.lock
aiohappyeyeballs==2.7.1
    # via aiohttp
aiohttp==3.14.3
    # via paddleocr
aiosignal==1.4.0
    # via aiohttp
aistudio-sdk==0.3.9
    # via paddlex
annotated-types==0.8.0
    # via pydantic
anyio==4.14.2
    # via httpx
attrs==26.1.0
    # via aiohttp
bce-python-sdk==0.9.76
    # via aistudio-sdk
certifi==2026.7.22
    # via
    #   httpcore
    #   httpx
    #   requests
chardet==7.6.0
    # via paddlex
charset-normalizer==3.5.1
    # via requests
click==8.5.0
    # via
    #   aistudio-sdk
    #   huggingface-hub
colorama==0.4.6 ; sys_platform == 'win32'
    # via
    #   colorlog
    #   tqdm
colorlog==6.12.0
    # via paddlex
crc32c==2.9
    # via bce-python-sdk
filelock==3.32.5
    # via
    #   huggingface-hub
    #   modelscope
    #   modelscope-hub
    #   paddlex
frozenlist==1.8.0
    # via
    #   aiohttp
    #   aiosignal
fsspec==2026.7.0
    # via huggingface-hub
future==1.0.0
    # via bce-python-sdk
h11==0.16.0
    # via httpcore
hf-xet==1.6.0 ; platform_machine == 'AMD64' or platform_machine == 'aarch64' or platform_machine == 'amd64' or platform_machine == 'arm64' or platform_machine == 'x86_64'
    # via huggingface-hub
httpcore==1.0.9
    # via httpx
httpx==0.28.1
    # via
    #   huggingface-hub
    #   paddlepaddle
huggingface-hub==1.29.0
    # via paddlex
idna==3.19
    # via
    #   anyio
    #   httpx
    #   requests
    #   yarl
imagesize==2.0.1
    # via paddlex
modelscope==1.39.1
    # via paddlex
modelscope-hub==0.3.0
    # via modelscope
multidict==6.7.1
    # via
    #   aiohttp
    #   yarl
networkx==3.6.1
    # via paddlepaddle
numpy==2.3.5
    # via
    #   opencv-contrib-python
    #   opt-einsum
    #   paddlepaddle
    #   paddlex
    #   pandas
    #   shapely
opencv-contrib-python==4.10.0.84
    # via paddlex
opt-einsum==3.3.0
    # via paddlepaddle
packaging==26.3
    # via
    #   huggingface-hub
    #   modelscope
    #   paddlex
paddleocr==3.7.0
    # via -r requirements.txt
paddlepaddle==3.3.1
    # via -r requirements.txt
paddlex==3.7.2
    # via paddleocr
pandas==3.0.5
    # via paddlex
pillow==12.3.0
    # via
    #   paddlepaddle
    #   paddlex
prettytable==3.18.0
    # via
    #   aistudio-sdk
    #   paddlex
propcache==0.5.2
    # via
    #   aiohttp
    #   yarl
protobuf==7.36.0
    # via paddlepaddle
psutil==7.2.2
    # via aistudio-sdk
py-cpuinfo==9.0.0
    # via paddlex
pyclipper==1.4.0
    # via paddlex
pycryptodome==3.23.0
    # via bce-python-sdk
pydantic==2.13.5
    # via paddlex
pydantic-core==2.46.5
    # via pydantic
pypdfium2==5.13.0
    # via paddlex
python-bidi==0.6.11
    # via paddlex
python-dateutil==2.9.0.post0
    # via pandas
pyyaml==6.0.2
    # via
    #   huggingface-hub
    #   paddleocr
    #   paddlex
requests==2.34.2
    # via
    #   aistudio-sdk
    #   modelscope
    #   modelscope-hub
    #   paddleocr
    #   paddlex
ruamel-yaml==0.19.1
    # via paddlex
safetensors==0.8.0
    # via paddlepaddle
setuptools==84.0.0
    # via
    #   modelscope
    #   paddlepaddle
shapely==2.1.2
    # via paddlex
six==1.17.0
    # via
    #   bce-python-sdk
    #   python-dateutil
tqdm==4.70.0
    # via
    #   aistudio-sdk
    #   huggingface-hub
    #   modelscope
    #   modelscope-hub
typing-extensions==4.16.0
    # via
    #   aiohttp
    #   aiosignal
    #   anyio
    #   huggingface-hub
    #   paddleocr
    #   paddlepaddle
    #   paddlex
    #   pydantic
    #   pydantic-core
    #   typing-inspection
typing-inspection==0.4.4
    # via pydantic
tzdata==2026.3 ; sys_platform == 'emscripten' or sys_platform == 'win32'
    # via pandas
ujson==5.13.0
    # via paddlex
urllib3==2.7.0
    # via
    #   modelscope
    #   modelscope-hub
    #   requests
wcwidth==0.8.3
    # via prettytable
yarl==1.24.5
    # via aiohttp
